
Microsoft Visual Studio Solution File, Format Version 12.00
# Visual Studio Version 16
VisualStudioVersion = 16.0.30804.86
MinimumVisualStudioVersion = 10.0.40219.1
Project("{888888A0-9F3D-457C-B088-3A5042F75D52}") = "RAW_assigment4", "RAW_assigment4.pyproj", "{A8E53F24-30B0-4FD0-9278-BE04111B9C16}"
EndProject
Global
	GlobalSection(SolutionConfigurationPlatforms) = preSolution
		Debug|Any CPU = Debug|Any CPU
		Release|Any CPU = Release|Any CPU
	EndGlobalSection
	GlobalSection(ProjectConfigurationPlatforms) = postSolution
		{A8E53F24-30B0-4FD0-9278-BE04111B9C16}.Debug|Any CPU.ActiveCfg = Debug|Any CPU
		{A8E53F24-30B0-4FD0-9278-BE04111B9C16}.Release|Any CPU.ActiveCfg = Release|Any CPU
	EndGlobalSection
	GlobalSection(SolutionProperties) = preSolution
		HideSolutionNode = FALSE
	EndGlobalSection
	GlobalSection(ExtensibilityGlobals) = postSolution
		SolutionGuid = {ADF1D185-89C9-4603-B1A2-CDB1993C8FC4}
	EndGlobalSection
EndGlobal
